
Microsoft Visual Studio Solution File, Format Version 12.00
# Visual Studio 15
VisualStudioVersion = 15.0.28010.2050
MinimumVisualStudioVersion = 10.0.40219.1
Project("{FAE04EC0-301F-11D3-BF4B-00C04F79EFBC}") = "Aplikacja", "Aplikacja\Aplikacja.csproj", "{24D3E7CB-5ED1-49DE-8EBF-D22A7B3BA2ED}"
EndProject
Global
	GlobalSection(SolutionConfigurationPlatforms) = preSolution
		Debug|Any CPU = Debug|Any CPU
		Release|Any CPU = Release|Any CPU
	EndGlobalSection
	GlobalSection(ProjectConfigurationPlatforms) = postSolution
		{24D3E7CB-5ED1-49DE-8EBF-D22A7B3BA2ED}.Debug|Any CPU.ActiveCfg = Debug|Any CPU
		{24D3E7CB-5ED1-49DE-8EBF-D22A7B3BA2ED}.Debug|Any CPU.Build.0 = Debug|Any CPU
		{24D3E7CB-5ED1-49DE-8EBF-D22A7B3BA2ED}.Release|Any CPU.ActiveCfg = Release|Any CPU
		{24D3E7CB-5ED1-49DE-8EBF-D22A7B3BA2ED}.Release|Any CPU.Build.0 = Release|Any CPU
	EndGlobalSection
	GlobalSection(SolutionProperties) = preSolution
		HideSolutionNode = FALSE
	EndGlobalSection
	GlobalSection(ExtensibilityGlobals) = postSolution
		SolutionGuid = {24AFBCD7-61BF-44F2-8B19-DC11D2A12DA2}
	EndGlobalSection
EndGlobal
